// !$*UTF8*$!
{
	archiveVersion = 1;
	classes = {
	};
	objectVersion = 50;
	objects = {

/* Begin PBXFileReference section */
		40D80DB925BDE7890014DC7A /* tcp-server.cpp */ = {isa = PBXFileReference; lastKnownFileType = sourcecode.cpp.cpp; path = "tcp-server.cpp"; sourceTree = "<group>"; };
		40D80DBA25BDE7890014DC7A /* server.hpp */ = {isa = PBXFileReference; lastKnownFileType = sourcecode.cpp.h; path = server.hpp; sourceTree = "<group>"; };
/* End PBXFileReference section */

/* Begin PBXGroup section */
		40D80DB225BDE7640014DC7A = {
			isa = PBXGroup;
			children = (
				40D80DB925BDE7890014DC7A /* tcp-server.cpp */,
				40D80DBA25BDE7890014DC7A /* server.hpp */,
			);
			sourceTree = "<group>";
		};
/* End PBXGroup section */

/* Begin PBXProject section */
		40D80DB325BDE7640014DC7A /* Project object */ = {
			isa = PBXProject;
			attributes = {
				LastUpgradeCheck = 1230;
			};
			buildConfigurationList = 40D80DB625BDE7640014DC7A /* Build configuration list for PBXProject "server-client" */;
			compatibilityVersion = "Xcode 9.3";
			developmentRegion = en;
			hasScannedForEncodings = 0;
			knownRegions = (
				en,
				Base,
			);
			mainGroup = 40D80DB225BDE7640014DC7A;
			projectDirPath = "";
			projectRoot = "";
			targets = (
			);
		};
/* End PBXProject section */

/* Begin XCBuildConfiguration section */
		40D80DB725BDE7640014DC7A /* Debug */ = {
			isa = XCBuildConfiguration;
			buildSettings = {
			};
			name = Debug;
		};
		40D80DB825BDE7640014DC7A /* Release */ = {
			isa = XCBuildConfiguration;
			buildSettings = {
			};
			name = Release;
		};
/* End XCBuildConfiguration section */

/* Begin XCConfigurationList section */
		40D80DB625BDE7640014DC7A /* Build configuration list for PBXProject "server-client" */ = {
			isa = XCConfigurationList;
			buildConfigurations = (
				40D80DB725BDE7640014DC7A /* Debug */,
				40D80DB825BDE7640014DC7A /* Release */,
			);
			defaultConfigurationIsVisible = 0;
			defaultConfigurationName = Release;
		};
/* End XCConfigurationList section */
	};
	rootObject = 40D80DB325BDE7640014DC7A /* Project object */;
}
